// !$*UTF8*$!
{
	archiveVersion = 1;
	classes = {
	};
	objectVersion = 51;
	objects = {

/* Begin PBXBuildFile section */
		C759C4389E99595419AA5E97 /* Pods_dannymessenger.framework in Frameworks */ = {isa = PBXBuildFile; fileRef = C1E1B54767FE2B8C4BBF9C3B /* Pods_dannymessenger.framework */; };
		E165B63424866F730097546B /* MessageVC.swift in Sources */ = {isa = PBXBuildFile; fileRef = E165B63224866F730097546B /* MessageVC.swift */; };
		E165B63524866F730097546B /* MessageVC.xib in Resources */ = {isa = PBXBuildFile; fileRef = E165B63324866F730097546B /* MessageVC.xib */; };
		E165B639248675060097546B /* SignupVC.swift in Sources */ = {isa = PBXBuildFile; fileRef = E165B637248675060097546B /* SignupVC.swift */; };
		E165B63A248675060097546B /* SignupVC.xib in Resources */ = {isa = PBXBuildFile; fileRef = E165B638248675060097546B /* SignupVC.xib */; };
		E165B6442487CAC20097546B /* MessageDetail.swift in Sources */ = {isa = PBXBuildFile; fileRef = E165B6432487CAC20097546B /* MessageDetail.swift */; };
		E165B6472487CDD60097546B /* MessageTableViewCell.swift in Sources */ = {isa = PBXBuildFile; fileRef = E165B6452487CDD60097546B /* MessageTableViewCell.swift */; };
		E165B6482487CDD60097546B /* MessageTableViewCell.xib in Resources */ = {isa = PBXBuildFile; fileRef = E165B6462487CDD60097546B /* MessageTableViewCell.xib */; };
		E165B64D2487E63E0097546B /* ChatVC.swift in Sources */ = {isa = PBXBuildFile; fileRef = E165B64B2487E63E0097546B /* ChatVC.swift */; };
		E165B64E2487E63E0097546B /* ChatVC.xib in Resources */ = {isa = PBXBuildFile; fileRef = E165B64C2487E63E0097546B /* ChatVC.xib */; };
		E165B6512487F6E60097546B /* ChatTableViewCell.swift in Sources */ = {isa = PBXBuildFile; fileRef = E165B64F2487F6E60097546B /* ChatTableViewCell.swift */; };
		E165B6522487F6E60097546B /* ChatTableViewCell.xib in Resources */ = {isa = PBXBuildFile; fileRef = E165B6502487F6E60097546B /* ChatTableViewCell.xib */; };
		E1B0CA992488361C00688822 /* Chat.swift in Sources */ = {isa = PBXBuildFile; fileRef = E1B0CA982488361C00688822 /* Chat.swift */; };
		E1B0CA9C2488BA7200688822 /* ContactVC.swift in Sources */ = {isa = PBXBuildFile; fileRef = E1B0CA9A2488BA7200688822 /* ContactVC.swift */; };
		E1B0CA9D2488BA7200688822 /* ContactVC.xib in Resources */ = {isa = PBXBuildFile; fileRef = E1B0CA9B2488BA7200688822 /* ContactVC.xib */; };
		E1B0CAA02488BBF400688822 /* ContactTableViewCell.swift in Sources */ = {isa = PBXBuildFile; fileRef = E1B0CA9E2488BBF400688822 /* ContactTableViewCell.swift */; };
		E1B0CAA12488BBF400688822 /* ContactTableViewCell.xib in Resources */ = {isa = PBXBuildFile; fileRef = E1B0CA9F2488BBF400688822 /* ContactTableViewCell.xib */; };
		E1B0CAA32488BE1100688822 /* Contact.swift in Sources */ = {isa = PBXBuildFile; fileRef = E1B0CAA22488BE1100688822 /* Contact.swift */; };
		E1C89D8724851B1600E6158F /* AppDelegate.swift in Sources */ = {isa = PBXBuildFile; fileRef = E1C89D8624851B1600E6158F /* AppDelegate.swift */; };
		E1C89D8924851B1600E6158F /* SceneDelegate.swift in Sources */ = {isa = PBXBuildFile; fileRef = E1C89D8824851B1600E6158F /* SceneDelegate.swift */; };
		E1C89D8B24851B1600E6158F /* LoginVC.swift in Sources */ = {isa = PBXBuildFile; fileRef = E1C89D8A24851B1600E6158F /* LoginVC.swift */; };
		E1C89D8E24851B1600E6158F /* Main.storyboard in Resources */ = {isa = PBXBuildFile; fileRef = E1C89D8C24851B1600E6158F /* Main.storyboard */; };
		E1C89D9024851B1700E6158F /* Assets.xcassets in Resources */ = {isa = PBXBuildFile; fileRef = E1C89D8F24851B1700E6158F /* Assets.xcassets */; };
		E1C89D9324851B1700E6158F /* LaunchScreen.storyboard in Resources */ = {isa = PBXBuildFile; fileRef = E1C89D9124851B1700E6158F /* LaunchScreen.storyboard */; };
		E1C89D9B2485658700E6158F /* GoogleService-Info.plist in Resources */ = {isa = PBXBuildFile; fileRef = E1C89D9A2485658700E6158F /* GoogleService-Info.plist */; };
/* End PBXBuildFile section */

/* Begin PBXFileReference section */
		8C5B5962BF2EE0424A2FE2F4 /* Pods-dannymessenger.release.xcconfig */ = {isa = PBXFileReference; includeInIndex = 1; lastKnownFileType = text.xcconfig; name = "Pods-dannymessenger.release.xcconfig"; path = "Target Support Files/Pods-dannymessenger/Pods-dannymessenger.release.xcconfig"; sourceTree = "<group>"; };
		C1E1B54767FE2B8C4BBF9C3B /* Pods_dannymessenger.framework */ = {isa = PBXFileReference; explicitFileType = wrapper.framework; includeInIndex = 0; path = Pods_dannymessenger.framework; sourceTree = BUILT_PRODUCTS_DIR; };
		C7A14966E2A5FB00DEAEF3A4 /* Pods-dannymessenger.debug.xcconfig */ = {isa = PBXFileReference; includeInIndex = 1; lastKnownFileType = text.xcconfig; name = "Pods-dannymessenger.debug.xcconfig"; path = "Target Support Files/Pods-dannymessenger/Pods-dannymessenger.debug.xcconfig"; sourceTree = "<group>"; };
		E165B63224866F730097546B /* MessageVC.swift */ = {isa = PBXFileReference; lastKnownFileType = sourcecode.swift; path = MessageVC.swift; sourceTree = "<group>"; };
		E165B63324866F730097546B /* MessageVC.xib */ = {isa = PBXFileReference; lastKnownFileType = file.xib; path = MessageVC.xib; sourceTree = "<group>"; };
		E165B637248675060097546B /* SignupVC.swift */ = {isa = PBXFileReference; lastKnownFileType = sourcecode.swift; path = SignupVC.swift; sourceTree = "<group>"; };
		E165B638248675060097546B /* SignupVC.xib */ = {isa = PBXFileReference; lastKnownFileType = file.xib; path = SignupVC.xib; sourceTree = "<group>"; };
		E165B6432487CAC20097546B /* MessageDetail.swift */ = {isa = PBXFileReference; lastKnownFileType = sourcecode.swift; path = MessageDetail.swift; sourceTree = "<group>"; };
		E165B6452487CDD60097546B /* MessageTableViewCell.swift */ = {isa = PBXFileReference; lastKnownFileType = sourcecode.swift; path = MessageTableViewCell.swift; sourceTree = "<group>"; };
		E165B6462487CDD60097546B /* MessageTableViewCell.xib */ = {isa = PBXFileReference; lastKnownFileType = file.xib; path = MessageTableViewCell.xib; sourceTree = "<group>"; };
		E165B64B2487E63E0097546B /* ChatVC.swift */ = {isa = PBXFileReference; lastKnownFileType = sourcecode.swift; path = ChatVC.swift; sourceTree = "<group>"; };
		E165B64C2487E63E0097546B /* ChatVC.xib */ = {isa = PBXFileReference; lastKnownFileType = file.xib; path = ChatVC.xib; sourceTree = "<group>"; };
		E165B64F2487F6E60097546B /* ChatTableViewCell.swift */ = {isa = PBXFileReference; lastKnownFileType = sourcecode.swift; path = ChatTableViewCell.swift; sourceTree = "<group>"; };
		E165B6502487F6E60097546B /* ChatTableViewCell.xib */ = {isa = PBXFileReference; lastKnownFileType = file.xib; path = ChatTableViewCell.xib; sourceTree = "<group>"; };
		E1B0CA982488361C00688822 /* Chat.swift */ = {isa = PBXFileReference; lastKnownFileType = sourcecode.swift; path = Chat.swift; sourceTree = "<group>"; };
		E1B0CA9A2488BA7200688822 /* ContactVC.swift */ = {isa = PBXFileReference; lastKnownFileType = sourcecode.swift; path = ContactVC.swift; sourceTree = "<group>"; };
		E1B0CA9B2488BA7200688822 /* ContactVC.xib */ = {isa = PBXFileReference; lastKnownFileType = file.xib; path = ContactVC.xib; sourceTree = "<group>"; };
		E1B0CA9E2488BBF400688822 /* ContactTableViewCell.swift */ = {isa = PBXFileReference; lastKnownFileType = sourcecode.swift; path = ContactTableViewCell.swift; sourceTree = "<group>"; };
		E1B0CA9F2488BBF400688822 /* ContactTableViewCell.xib */ = {isa = PBXFileReference; lastKnownFileType = file.xib; path = ContactTableViewCell.xib; sourceTree = "<group>"; };
		E1B0CAA22488BE1100688822 /* Contact.swift */ = {isa = PBXFileReference; lastKnownFileType = sourcecode.swift; path = Contact.swift; sourceTree = "<group>"; };
		E1C89D8324851B1600E6158F /* dannymessenger.app */ = {isa = PBXFileReference; explicitFileType = wrapper.application; includeInIndex = 0; path = dannymessenger.app; sourceTree = BUILT_PRODUCTS_DIR; };
		E1C89D8624851B1600E6158F /* AppDelegate.swift */ = {isa = PBXFileReference; lastKnownFileType = sourcecode.swift; path = AppDelegate.swift; sourceTree = "<group>"; };
		E1C89D8824851B1600E6158F /* SceneDelegate.swift */ = {isa = PBXFileReference; lastKnownFileType = sourcecode.swift; path = SceneDelegate.swift; sourceTree = "<group>"; };
		E1C89D8A24851B1600E6158F /* LoginVC.swift */ = {isa = PBXFileReference; lastKnownFileType = sourcecode.swift; path = LoginVC.swift; sourceTree = "<group>"; };
		E1C89D8D24851B1600E6158F /* Base */ = {isa = PBXFileReference; lastKnownFileType = file.storyboard; name = Base; path = Base.lproj/Main.storyboard; sourceTree = "<group>"; };
		E1C89D8F24851B1700E6158F /* Assets.xcassets */ = {isa = PBXFileReference; lastKnownFileType = folder.assetcatalog; path = Assets.xcassets; sourceTree = "<group>"; };
		E1C89D9224851B1700E6158F /* Base */ = {isa = PBXFileReference; lastKnownFileType = file.storyboard; name = Base; path = Base.lproj/LaunchScreen.storyboard; sourceTree = "<group>"; };
		E1C89D9424851B1700E6158F /* Info.plist */ = {isa = PBXFileReference; lastKnownFileType = text.plist.xml; path = Info.plist; sourceTree = "<group>"; };
		E1C89D9A2485658700E6158F /* GoogleService-Info.plist */ = {isa = PBXFileReference; fileEncoding = 4; lastKnownFileType = text.plist.xml; path = "GoogleService-Info.plist"; sourceTree = "<group>"; };
/* End PBXFileReference section */

/* Begin PBXFrameworksBuildPhase section */
		E1C89D8024851B1600E6158F /* Frameworks */ = {
			isa = PBXFrameworksBuildPhase;
			buildActionMask = 2147483647;
			files = (
				C759C4389E99595419AA5E97 /* Pods_dannymessenger.framework in Frameworks */,
			);
			runOnlyForDeploymentPostprocessing = 0;
		};
/* End PBXFrameworksBuildPhase section */

/* Begin PBXGroup section */
		3F855F6132C94A0FA0332F50 /* Frameworks */ = {
			isa = PBXGroup;
			children = (
				C1E1B54767FE2B8C4BBF9C3B /* Pods_dannymessenger.framework */,
			);
			name = Frameworks;
			sourceTree = "<group>";
		};
		B000EFDF641332526ED92590 /* Pods */ = {
			isa = PBXGroup;
			children = (
				C7A14966E2A5FB00DEAEF3A4 /* Pods-dannymessenger.debug.xcconfig */,
				8C5B5962BF2EE0424A2FE2F4 /* Pods-dannymessenger.release.xcconfig */,
			);
			path = Pods;
			sourceTree = "<group>";
		};
		E165B630248583420097546B /* Model */ = {
			isa = PBXGroup;
			children = (
				E165B6432487CAC20097546B /* MessageDetail.swift */,
				E1B0CA982488361C00688822 /* Chat.swift */,
				E1B0CAA22488BE1100688822 /* Contact.swift */,
			);
			path = Model;
			sourceTree = "<group>";
		};
		E165B631248583480097546B /* Controller */ = {
			isa = PBXGroup;
			children = (
				E165B64A2487DD480097546B /* cell */,
				E165B64B2487E63E0097546B /* ChatVC.swift */,
				E1C89D8A24851B1600E6158F /* LoginVC.swift */,
				E165B63224866F730097546B /* MessageVC.swift */,
				E165B637248675060097546B /* SignupVC.swift */,
				E1B0CA9A2488BA7200688822 /* ContactVC.swift */,
			);
			path = Controller;
			sourceTree = "<group>";
		};
		E165B636248674B50097546B /* View */ = {
			isa = PBXGroup;
			children = (
				E165B6492487DD3D0097546B /* cell */,
				E165B63324866F730097546B /* MessageVC.xib */,
				E165B638248675060097546B /* SignupVC.xib */,
				E1C89D8C24851B1600E6158F /* Main.storyboard */,
				E165B64C2487E63E0097546B /* ChatVC.xib */,
				E1B0CA9B2488BA7200688822 /* ContactVC.xib */,
			);
			path = View;
			sourceTree = "<group>";
		};
		E165B6492487DD3D0097546B /* cell */ = {
			isa = PBXGroup;
			children = (
				E165B6462487CDD60097546B /* MessageTableViewCell.xib */,
				E165B6502487F6E60097546B /* ChatTableViewCell.xib */,
				E1B0CA9F2488BBF400688822 /* ContactTableViewCell.xib */,
			);
			path = cell;
			sourceTree = "<group>";
		};
		E165B64A2487DD480097546B /* cell */ = {
			isa = PBXGroup;
			children = (
				E165B6452487CDD60097546B /* MessageTableViewCell.swift */,
				E165B64F2487F6E60097546B /* ChatTableViewCell.swift */,
				E1B0CA9E2488BBF400688822 /* ContactTableViewCell.swift */,
			);
			path = cell;
			sourceTree = "<group>";
		};
		E1C89D7A24851B1600E6158F = {
			isa = PBXGroup;
			children = (
				E1C89D8524851B1600E6158F /* dannymessenger */,
				E1C89D8424851B1600E6158F /* Products */,
				B000EFDF641332526ED92590 /* Pods */,
				3F855F6132C94A0FA0332F50 /* Frameworks */,
			);
			sourceTree = "<group>";
		};
		E1C89D8424851B1600E6158F /* Products */ = {
			isa = PBXGroup;
			children = (
				E1C89D8324851B1600E6158F /* dannymessenger.app */,
			);
			name = Products;
			sourceTree = "<group>";
		};
		E1C89D8524851B1600E6158F /* dannymessenger */ = {
			isa = PBXGroup;
			children = (
				E165B636248674B50097546B /* View */,
				E165B631248583480097546B /* Controller */,
				E165B630248583420097546B /* Model */,
				E1C89D8624851B1600E6158F /* AppDelegate.swift */,
				E1C89D8824851B1600E6158F /* SceneDelegate.swift */,
				E1C89D8F24851B1700E6158F /* Assets.xcassets */,
				E1C89D9124851B1700E6158F /* LaunchScreen.storyboard */,
				E1C89D9424851B1700E6158F /* Info.plist */,
				E1C89D9A2485658700E6158F /* GoogleService-Info.plist */,
			);
			path = dannymessenger;
			sourceTree = "<group>";
		};
/* End PBXGroup section */

/* Begin PBXNativeTarget section */
		E1C89D8224851B1600E6158F /* dannymessenger */ = {
			isa = PBXNativeTarget;
			buildConfigurationList = E1C89D9724851B1700E6158F /* Build configuration list for PBXNativeTarget "dannymessenger" */;
			buildPhases = (
				E877B34E63F544FBE008BF9D /* [CP] Check Pods Manifest.lock */,
				E1C89D7F24851B1600E6158F /* Sources */,
				E1C89D8024851B1600E6158F /* Frameworks */,
				E1C89D8124851B1600E6158F /* Resources */,
				4F55D064B9572005EA596085 /* [CP] Embed Pods Frameworks */,
			);
			buildRules = (
			);
			dependencies = (
			);
			name = dannymessenger;
			productName = dannymessenger;
			productReference = E1C89D8324851B1600E6158F /* dannymessenger.app */;
			productType = "com.apple.product-type.application";
		};
/* End PBXNativeTarget section */

/* Begin PBXProject section */
		E1C89D7B24851B1600E6158F /* Project object */ = {
			isa = PBXProject;
			attributes = {
				LastSwiftUpdateCheck = 1150;
				LastUpgradeCheck = 1150;
				ORGANIZATIONNAME = "danny santoso";
				TargetAttributes = {
					E1C89D8224851B1600E6158F = {
						CreatedOnToolsVersion = 11.5;
					};
				};
			};
			buildConfigurationList = E1C89D7E24851B1600E6158F /* Build configuration list for PBXProject "dannymessenger" */;
			compatibilityVersion = "Xcode 9.3";
			developmentRegion = en;
			hasScannedForEncodings = 0;
			knownRegions = (
				en,
				Base,
			);
			mainGroup = E1C89D7A24851B1600E6158F;
			productRefGroup = E1C89D8424851B1600E6158F /* Products */;
			projectDirPath = "";
			projectRoot = "";
			targets = (
				E1C89D8224851B1600E6158F /* dannymessenger */,
			);
		};
/* End PBXProject section */

/* Begin PBXResourcesBuildPhase section */
		E1C89D8124851B1600E6158F /* Resources */ = {
			isa = PBXResourcesBuildPhase;
			buildActionMask = 2147483647;
			files = (
				E1C89D9324851B1700E6158F /* LaunchScreen.storyboard in Resources */,
				E165B6522487F6E60097546B /* ChatTableViewCell.xib in Resources */,
				E1C89D9B2485658700E6158F /* GoogleService-Info.plist in Resources */,
				E1C89D9024851B1700E6158F /* Assets.xcassets in Resources */,
				E165B63524866F730097546B /* MessageVC.xib in Resources */,
				E1B0CA9D2488BA7200688822 /* ContactVC.xib in Resources */,
				E1B0CAA12488BBF400688822 /* ContactTableViewCell.xib in Resources */,
				E165B64E2487E63E0097546B /* ChatVC.xib in Resources */,
				E165B63A248675060097546B /* SignupVC.xib in Resources */,
				E165B6482487CDD60097546B /* MessageTableViewCell.xib in Resources */,
				E1C89D8E24851B1600E6158F /* Main.storyboard in Resources */,
			);
			runOnlyForDeploymentPostprocessing = 0;
		};
/* End PBXResourcesBuildPhase section */

/* Begin PBXShellScriptBuildPhase section */
		4F55D064B9572005EA596085 /* [CP] Embed Pods Frameworks */ = {
			isa = PBXShellScriptBuildPhase;
			buildActionMask = 2147483647;
			files = (
			);
			inputFileListPaths = (
				"${PODS_ROOT}/Target Support Files/Pods-dannymessenger/Pods-dannymessenger-frameworks-${CONFIGURATION}-input-files.xcfilelist",
			);
			name = "[CP] Embed Pods Frameworks";
			outputFileListPaths = (
				"${PODS_ROOT}/Target Support Files/Pods-dannymessenger/Pods-dannymessenger-frameworks-${CONFIGURATION}-output-files.xcfilelist",
			);
			runOnlyForDeploymentPostprocessing = 0;
			shellPath = /bin/sh;
			shellScript = "\"${PODS_ROOT}/Target Support Files/Pods-dannymessenger/Pods-dannymessenger-frameworks.sh\"\n";
			showEnvVarsInLog = 0;
		};
		E877B34E63F544FBE008BF9D /* [CP] Check Pods Manifest.lock */ = {
			isa = PBXShellScriptBuildPhase;
			buildActionMask = 2147483647;
			files = (
			);
			inputFileListPaths = (
			);
			inputPaths = (
				"${PODS_PODFILE_DIR_PATH}/Podfile.lock",
				"${PODS_ROOT}/Manifest.lock",
			);
			name = "[CP] Check Pods Manifest.lock";
			outputFileListPaths = (
			);
			outputPaths = (
				"$(DERIVED_FILE_DIR)/Pods-dannymessenger-checkManifestLockResult.txt",
			);
			runOnlyForDeploymentPostprocessing = 0;
			shellPath = /bin/sh;
			shellScript = "diff \"${PODS_PODFILE_DIR_PATH}/Podfile.lock\" \"${PODS_ROOT}/Manifest.lock\" > /dev/null\nif [ $? != 0 ] ; then\n    # print error to STDERR\n    echo \"error: The sandbox is not in sync with the Podfile.lock. Run 'pod install' or update your CocoaPods installation.\" >&2\n    exit 1\nfi\n# This output is used by Xcode 'outputs' to avoid re-running this script phase.\necho \"SUCCESS\" > \"${SCRIPT_OUTPUT_FILE_0}\"\n";
			showEnvVarsInLog = 0;
		};
/* End PBXShellScriptBuildPhase section */

/* Begin PBXSourcesBuildPhase section */
		E1C89D7F24851B1600E6158F /* Sources */ = {
			isa = PBXSourcesBuildPhase;
			buildActionMask = 2147483647;
			files = (
				E1B0CAA32488BE1100688822 /* Contact.swift in Sources */,
				E1B0CAA02488BBF400688822 /* ContactTableViewCell.swift in Sources */,
				E165B64D2487E63E0097546B /* ChatVC.swift in Sources */,
				E165B6472487CDD60097546B /* MessageTableViewCell.swift in Sources */,
				E1B0CA9C2488BA7200688822 /* ContactVC.swift in Sources */,
				E165B63424866F730097546B /* MessageVC.swift in Sources */,
				E1B0CA992488361C00688822 /* Chat.swift in Sources */,
				E165B6512487F6E60097546B /* ChatTableViewCell.swift in Sources */,
				E165B639248675060097546B /* SignupVC.swift in Sources */,
				E1C89D8B24851B1600E6158F /* LoginVC.swift in Sources */,
				E1C89D8724851B1600E6158F /* AppDelegate.swift in Sources */,
				E165B6442487CAC20097546B /* MessageDetail.swift in Sources */,
				E1C89D8924851B1600E6158F /* SceneDelegate.swift in Sources */,
			);
			runOnlyForDeploymentPostprocessing = 0;
		};
/* End PBXSourcesBuildPhase section */

/* Begin PBXVariantGroup section */
		E1C89D8C24851B1600E6158F /* Main.storyboard */ = {
			isa = PBXVariantGroup;
			children = (
				E1C89D8D24851B1600E6158F /* Base */,
			);
			name = Main.storyboard;
			sourceTree = "<group>";
		};
		E1C89D9124851B1700E6158F /* LaunchScreen.storyboard */ = {
			isa = PBXVariantGroup;
			children = (
				E1C89D9224851B1700E6158F /* Base */,
			);
			name = LaunchScreen.storyboard;
			sourceTree = "<group>";
		};
/* End PBXVariantGroup section */

/* Begin XCBuildConfiguration section */
		E1C89D9524851B1700E6158F /* Debug */ = {
			isa = XCBuildConfiguration;
			buildSettings = {
				ALWAYS_SEARCH_USER_PATHS = NO;
				CLANG_ANALYZER_NONNULL = YES;
				CLANG_ANALYZER_NUMBER_OBJECT_CONVERSION = YES_AGGRESSIVE;
				CLANG_CXX_LANGUAGE_STANDARD = "gnu++14";
				CLANG_CXX_LIBRARY = "libc++";
				CLANG_ENABLE_MODULES = YES;
				CLANG_ENABLE_OBJC_ARC = YES;
				CLANG_ENABLE_OBJC_WEAK = YES;
				CLANG_WARN_BLOCK_CAPTURE_AUTORELEASING = YES;
				CLANG_WARN_BOOL_CONVERSION = YES;
				CLANG_WARN_COMMA = YES;
				CLANG_WARN_CONSTANT_CONVERSION = YES;
				CLANG_WARN_DEPRECATED_OBJC_IMPLEMENTATIONS = YES;
				CLANG_WARN_DIRECT_OBJC_ISA_USAGE = YES_ERROR;
				CLANG_WARN_DOCUMENTATION_COMMENTS = YES;
				CLANG_WARN_EMPTY_BODY = YES;
				CLANG_WARN_ENUM_CONVERSION = YES;
				CLANG_WARN_INFINITE_RECURSION = YES;
				CLANG_WARN_INT_CONVERSION = YES;
				CLANG_WARN_NON_LITERAL_NULL_CONVERSION = YES;
				CLANG_WARN_OBJC_IMPLICIT_RETAIN_SELF = YES;
				CLANG_WARN_OBJC_LITERAL_CONVERSION = YES;
				CLANG_WARN_OBJC_ROOT_CLASS = YES_ERROR;
				CLANG_WARN_RANGE_LOOP_ANALYSIS = YES;
				CLANG_WARN_STRICT_PROTOTYPES = YES;
				CLANG_WARN_SUSPICIOUS_MOVE = YES;
				CLANG_WARN_UNGUARDED_AVAILABILITY = YES_AGGRESSIVE;
				CLANG_WARN_UNREACHABLE_CODE = YES;
				CLANG_WARN__DUPLICATE_METHOD_MATCH = YES;
				COPY_PHASE_STRIP = NO;
				DEBUG_INFORMATION_FORMAT = dwarf;
				ENABLE_STRICT_OBJC_MSGSEND = YES;
				ENABLE_TESTABILITY = YES;
				GCC_C_LANGUAGE_STANDARD = gnu11;
				GCC_DYNAMIC_NO_PIC = NO;
				GCC_NO_COMMON_BLOCKS = YES;
				GCC_OPTIMIZATION_LEVEL = 0;
				GCC_PREPROCESSOR_DEFINITIONS = (
					"DEBUG=1",
					"$(inherited)",
				);
				GCC_WARN_64_TO_32_BIT_CONVERSION = YES;
				GCC_WARN_ABOUT_RETURN_TYPE = YES_ERROR;
				GCC_WARN_UNDECLARED_SELECTOR = YES;
				GCC_WARN_UNINITIALIZED_AUTOS = YES_AGGRESSIVE;
				GCC_WARN_UNUSED_FUNCTION = YES;
				GCC_WARN_UNUSED_VARIABLE = YES;
				IPHONEOS_DEPLOYMENT_TARGET = 13.5;
				MTL_ENABLE_DEBUG_INFO = INCLUDE_SOURCE;
				MTL_FAST_MATH = YES;
				ONLY_ACTIVE_ARCH = YES;
				SDKROOT = iphoneos;
				SWIFT_ACTIVE_COMPILATION_CONDITIONS = DEBUG;
				SWIFT_OPTIMIZATION_LEVEL = "-Onone";
			};
			name = Debug;
		};
		E1C89D9624851B1700E6158F /* Release */ = {
			isa = XCBuildConfiguration;
			buildSettings = {
				ALWAYS_SEARCH_USER_PATHS = NO;
				CLANG_ANALYZER_NONNULL = YES;
				CLANG_ANALYZER_NUMBER_OBJECT_CONVERSION = YES_AGGRESSIVE;
				CLANG_CXX_LANGUAGE_STANDARD = "gnu++14";
				CLANG_CXX_LIBRARY = "libc++";
				CLANG_ENABLE_MODULES = YES;
				CLANG_ENABLE_OBJC_ARC = YES;
				CLANG_ENABLE_OBJC_WEAK = YES;
				CLANG_WARN_BLOCK_CAPTURE_AUTORELEASING = YES;
				CLANG_WARN_BOOL_CONVERSION = YES;
				CLANG_WARN_COMMA = YES;
				CLANG_WARN_CONSTANT_CONVERSION = YES;
				CLANG_WARN_DEPRECATED_OBJC_IMPLEMENTATIONS = YES;
				CLANG_WARN_DIRECT_OBJC_ISA_USAGE = YES_ERROR;
				CLANG_WARN_DOCUMENTATION_COMMENTS = YES;
				CLANG_WARN_EMPTY_BODY = YES;
				CLANG_WARN_ENUM_CONVERSION = YES;
				CLANG_WARN_INFINITE_RECURSION = YES;
				CLANG_WARN_INT_CONVERSION = YES;
				CLANG_WARN_NON_LITERAL_NULL_CONVERSION = YES;
				CLANG_WARN_OBJC_IMPLICIT_RETAIN_SELF = YES;
				CLANG_WARN_OBJC_LITERAL_CONVERSION = YES;
				CLANG_WARN_OBJC_ROOT_CLASS = YES_ERROR;
				CLANG_WARN_RANGE_LOOP_ANALYSIS = YES;
				CLANG_WARN_STRICT_PROTOTYPES = YES;
				CLANG_WARN_SUSPICIOUS_MOVE = YES;
				CLANG_WARN_UNGUARDED_AVAILABILITY = YES_AGGRESSIVE;
				CLANG_WARN_UNREACHABLE_CODE = YES;
				CLANG_WARN__DUPLICATE_METHOD_MATCH = YES;
				COPY_PHASE_STRIP = NO;
				DEBUG_INFORMATION_FORMAT = "dwarf-with-dsym";
				ENABLE_NS_ASSERTIONS = NO;
				ENABLE_STRICT_OBJC_MSGSEND = YES;
				GCC_C_LANGUAGE_STANDARD = gnu11;
				GCC_NO_COMMON_BLOCKS = YES;
				GCC_WARN_64_TO_32_BIT_CONVERSION = YES;
				GCC_WARN_ABOUT_RETURN_TYPE = YES_ERROR;
				GCC_WARN_UNDECLARED_SELECTOR = YES;
				GCC_WARN_UNINITIALIZED_AUTOS = YES_AGGRESSIVE;
				GCC_WARN_UNUSED_FUNCTION = YES;
				GCC_WARN_UNUSED_VARIABLE = YES;
				IPHONEOS_DEPLOYMENT_TARGET = 13.5;
				MTL_ENABLE_DEBUG_INFO = NO;
				MTL_FAST_MATH = YES;
				SDKROOT = iphoneos;
				SWIFT_COMPILATION_MODE = wholemodule;
				SWIFT_OPTIMIZATION_LEVEL = "-O";
				VALIDATE_PRODUCT = YES;
			};
			name = Release;
		};
		E1C89D9824851B1700E6158F /* Debug */ = {
			isa = XCBuildConfiguration;
			baseConfigurationReference = C7A14966E2A5FB00DEAEF3A4 /* Pods-dannymessenger.debug.xcconfig */;
			buildSettings = {
				ASSETCATALOG_COMPILER_APPICON_NAME = AppIcon;
				CODE_SIGN_STYLE = Automatic;
				DEVELOPMENT_TEAM = 9P78Q47KY2;
				INFOPLIST_FILE = dannymessenger/Info.plist;
				LD_RUNPATH_SEARCH_PATHS = (
					"$(inherited)",
					"@executable_path/Frameworks",
				);
				PRODUCT_BUNDLE_IDENTIFIER = com.dannysantoso.dannymessenger;
				PRODUCT_NAME = "$(TARGET_NAME)";
				SWIFT_VERSION = 5.0;
				TARGETED_DEVICE_FAMILY = "1,2";
			};
			name = Debug;
		};
		E1C89D9924851B1700E6158F /* Release */ = {
			isa = XCBuildConfiguration;
			baseConfigurationReference = 8C5B5962BF2EE0424A2FE2F4 /* Pods-dannymessenger.release.xcconfig */;
			buildSettings = {
				ASSETCATALOG_COMPILER_APPICON_NAME = AppIcon;
				CODE_SIGN_STYLE = Automatic;
				DEVELOPMENT_TEAM = 9P78Q47KY2;
				INFOPLIST_FILE = dannymessenger/Info.plist;
				LD_RUNPATH_SEARCH_PATHS = (
					"$(inherited)",
					"@executable_path/Frameworks",
				);
				PRODUCT_BUNDLE_IDENTIFIER = com.dannysantoso.dannymessenger;
				PRODUCT_NAME = "$(TARGET_NAME)";
				SWIFT_VERSION = 5.0;
				TARGETED_DEVICE_FAMILY = "1,2";
			};
			name = Release;
		};
/* End XCBuildConfiguration section */

/* Begin XCConfigurationList section */
		E1C89D7E24851B1600E6158F /* Build configuration list for PBXProject "dannymessenger" */ = {
			isa = XCConfigurationList;
			buildConfigurations = (
				E1C89D9524851B1700E6158F /* Debug */,
				E1C89D9624851B1700E6158F /* Release */,
			);
			defaultConfigurationIsVisible = 0;
			defaultConfigurationName = Release;
		};
		E1C89D9724851B1700E6158F /* Build configuration list for PBXNativeTarget "dannymessenger" */ = {
			isa = XCConfigurationList;
			buildConfigurations = (
				E1C89D9824851B1700E6158F /* Debug */,
				E1C89D9924851B1700E6158F /* Release */,
			);
			defaultConfigurationIsVisible = 0;
			defaultConfigurationName = Release;
		};
/* End XCConfigurationList section */
	};
	rootObject = E1C89D7B24851B1600E6158F /* Project object */;
}
